
Microsoft Visual Studio Solution File, Format Version 12.00
# Visual Studio Version 17
VisualStudioVersion = 17.14.36301.6 d17.14
MinimumVisualStudioVersion = 10.0.40219.1
Project("{FAE04EC0-301F-11D3-BF4B-00C04F79EFBC}") = "EComWebApp", "EComWebApp.csproj", "{FFAA2C38-F5E1-13FF-D41C-02934BF3892D}"
EndProject
Global
	GlobalSection(SolutionConfigurationPlatforms) = preSolution
		Debug|Any CPU = Debug|Any CPU
		Release|Any CPU = Release|Any CPU
	EndGlobalSection
	GlobalSection(ProjectConfigurationPlatforms) = postSolution
		{FFAA2C38-F5E1-13FF-D41C-02934BF3892D}.Debug|Any CPU.ActiveCfg = Debug|Any CPU
		{FFAA2C38-F5E1-13FF-D41C-02934BF3892D}.Debug|Any CPU.Build.0 = Debug|Any CPU
		{FFAA2C38-F5E1-13FF-D41C-02934BF3892D}.Release|Any CPU.ActiveCfg = Release|Any CPU
		{FFAA2C38-F5E1-13FF-D41C-02934BF3892D}.Release|Any CPU.Build.0 = Release|Any CPU
	EndGlobalSection
	GlobalSection(SolutionProperties) = preSolution
		HideSolutionNode = FALSE
	EndGlobalSection
	GlobalSection(ExtensibilityGlobals) = postSolution
		SolutionGuid = {8372D062-13FD-4460-9AE4-19C71C0DFA2D}
	EndGlobalSection
EndGlobal
